
Microsoft Visual Studio Solution File, Format Version 12.00
# Visual Studio Version 17
VisualStudioVersion = 17.9.34310.174
MinimumVisualStudioVersion = 10.0.40219.1
Project("{FAE04EC0-301F-11D3-BF4B-00C04F79EFBC}") = "NavBar8", "NavBar8.csproj", "{F44F4CF9-DE5A-4A5E-BF37-2B6AE0DF89CD}"
EndProject
Global
	GlobalSection(SolutionConfigurationPlatforms) = preSolution
		Debug|Any CPU = Debug|Any CPU
		Release|Any CPU = Release|Any CPU
	EndGlobalSection
	GlobalSection(ProjectConfigurationPlatforms) = postSolution
		{F44F4CF9-DE5A-4A5E-BF37-2B6AE0DF89CD}.Debug|Any CPU.ActiveCfg = Debug|Any CPU
		{F44F4CF9-DE5A-4A5E-BF37-2B6AE0DF89CD}.Debug|Any CPU.Build.0 = Debug|Any CPU
		{F44F4CF9-DE5A-4A5E-BF37-2B6AE0DF89CD}.Debug|Any CPU.Deploy.0 = Debug|Any CPU
		{F44F4CF9-DE5A-4A5E-BF37-2B6AE0DF89CD}.Release|Any CPU.ActiveCfg = Release|Any CPU
		{F44F4CF9-DE5A-4A5E-BF37-2B6AE0DF89CD}.Release|Any CPU.Build.0 = Release|Any CPU
		{F44F4CF9-DE5A-4A5E-BF37-2B6AE0DF89CD}.Release|Any CPU.Deploy.0 = Release|Any CPU
	EndGlobalSection
	GlobalSection(SolutionProperties) = preSolution
		HideSolutionNode = FALSE
	EndGlobalSection
	GlobalSection(ExtensibilityGlobals) = postSolution
		SolutionGuid = {7D705DFF-101F-4945-8F41-A1CA4AB1A726}
	EndGlobalSection
EndGlobal
